
Microsoft Visual Studio Solution File, Format Version 12.00
# Visual Studio Version 16
VisualStudioVersion = 16.0.29215.179
MinimumVisualStudioVersion = 10.0.40219.1
Project("{8BC9CEB8-8B4A-11D0-8D11-00A0C91BC942}") = "EspClientTwe", "EspClientTwe\EspClientTwe.vcxproj", "{C5F80730-F44F-4478-BDAE-6634EFC2CA88}"
EndProject
Project("{8BC9CEB8-8B4A-11D0-8D11-00A0C91BC942}") = "Button", "Button\Button.vcxproj", "{164E5E3B-11E3-4F81-8434-FC3E9BCFAC0B}"
EndProject
Project("{FAE04EC0-301F-11D3-BF4B-00C04F79EFBC}") = "OutputServer", "OutputServer\OutputServer.csproj", "{35E7F703-E0C7-4F93-97E0-CB1EE65BED83}"
EndProject
Project("{FAE04EC0-301F-11D3-BF4B-00C04F79EFBC}") = "CalcHelper", "CalcHelper\CalcHelper.csproj", "{8BE3DA5E-0D72-4425-80B2-BA6B9CCF838F}"
EndProject
Project("{8BC9CEB8-8B4A-11D0-8D11-00A0C91BC942}") = "EspClientDHT11", "EspClientDHT11\EspClientDHT11.vcxproj", "{91FC9E32-47D9-40CB-B955-B560E41AC717}"
EndProject
Project("{8BC9CEB8-8B4A-11D0-8D11-00A0C91BC942}") = "EspClientCt", "EspClientCt\EspClientCt.vcxproj", "{2E0500EF-BF93-48DA-94C7-59CA93DEB3B2}"
EndProject
Project("{FAE04EC0-301F-11D3-BF4B-00C04F79EFBC}") = "MiotoServerDLL", "MiotoServerCui\MiotoServerDLL.csproj", "{5DA7A270-774C-4755-9638-12C33F5E641D}"
EndProject
Project("{FAE04EC0-301F-11D3-BF4B-00C04F79EFBC}") = "MiotoServer", "MiotoServer\MiotoServer.csproj", "{4CCA0A31-6FC0-4E9F-B9E6-E2B29C1581C3}"
EndProject
Project("{FAE04EC0-301F-11D3-BF4B-00C04F79EFBC}") = "TwePacketTest", "TwePacketTest\TwePacketTest.csproj", "{52AD9AF7-D78C-4EDC-B5B9-E1FF88863B21}"
EndProject
Project("{FAE04EC0-301F-11D3-BF4B-00C04F79EFBC}") = "GoogleCloud_TTS", "GoogleCloud_TTS\GoogleCloud_TTS.csproj", "{BFFA83F1-C165-4927-BA9B-0C530FFE14F4}"
EndProject
Project("{FAE04EC0-301F-11D3-BF4B-00C04F79EFBC}") = "MiotoServerCuiMono", "MiotoServerCuiMono\MiotoServerCuiMono.csproj", "{55CDB02D-177C-403E-9174-72364A7CCC00}"
EndProject
Project("{FAE04EC0-301F-11D3-BF4B-00C04F79EFBC}") = "YoloJsonClient", "YoloJsonClient\YoloJsonClient.csproj", "{D92E2519-AD76-4EEA-A084-A1C8B7534754}"
EndProject
Project("{888888A0-9F3D-457C-B088-3A5042F75D52}") = "YoloJsonClientPy", "YoloJsonClientPy\YoloJsonClientPy.pyproj", "{E333B8C1-D694-4CA0-B4A5-DE959B0B959D}"
EndProject
Project("{FAE04EC0-301F-11D3-BF4B-00C04F79EFBC}") = "KmeansTool", "KmeansTool\KmeansTool.csproj", "{A94DF807-B568-4EF9-B2C7-91641CA58BF7}"
EndProject
Project("{FAE04EC0-301F-11D3-BF4B-00C04F79EFBC}") = "MiotoBlazorClient", "MiotoBlazorClient\MiotoBlazorClient.csproj", "{4E8121C0-20C6-4828-BB7C-7422247A4199}"
EndProject
Global
	GlobalSection(SolutionConfigurationPlatforms) = preSolution
		Debug|Any CPU = Debug|Any CPU
		Debug|x86 = Debug|x86
		Release|Any CPU = Release|Any CPU
		Release|x86 = Release|x86
	EndGlobalSection
	GlobalSection(ProjectConfigurationPlatforms) = postSolution
		{C5F80730-F44F-4478-BDAE-6634EFC2CA88}.Debug|Any CPU.ActiveCfg = Debug|Win32
		{C5F80730-F44F-4478-BDAE-6634EFC2CA88}.Debug|x86.ActiveCfg = Debug|Win32
		{C5F80730-F44F-4478-BDAE-6634EFC2CA88}.Debug|x86.Build.0 = Debug|Win32
		{C5F80730-F44F-4478-BDAE-6634EFC2CA88}.Release|Any CPU.ActiveCfg = Release|Win32
		{C5F80730-F44F-4478-BDAE-6634EFC2CA88}.Release|x86.ActiveCfg = Release|Win32
		{C5F80730-F44F-4478-BDAE-6634EFC2CA88}.Release|x86.Build.0 = Release|Win32
		{164E5E3B-11E3-4F81-8434-FC3E9BCFAC0B}.Debug|Any CPU.ActiveCfg = Debug|Win32
		{164E5E3B-11E3-4F81-8434-FC3E9BCFAC0B}.Debug|x86.ActiveCfg = Debug|Win32
		{164E5E3B-11E3-4F81-8434-FC3E9BCFAC0B}.Debug|x86.Build.0 = Debug|Win32
		{164E5E3B-11E3-4F81-8434-FC3E9BCFAC0B}.Release|Any CPU.ActiveCfg = Release|Win32
		{164E5E3B-11E3-4F81-8434-FC3E9BCFAC0B}.Release|x86.ActiveCfg = Release|Win32
		{164E5E3B-11E3-4F81-8434-FC3E9BCFAC0B}.Release|x86.Build.0 = Release|Win32
		{35E7F703-E0C7-4F93-97E0-CB1EE65BED83}.Debug|Any CPU.ActiveCfg = Debug|Any CPU
		{35E7F703-E0C7-4F93-97E0-CB1EE65BED83}.Debug|Any CPU.Build.0 = Debug|Any CPU
		{35E7F703-E0C7-4F93-97E0-CB1EE65BED83}.Debug|x86.ActiveCfg = Debug|Any CPU
		{35E7F703-E0C7-4F93-97E0-CB1EE65BED83}.Debug|x86.Build.0 = Debug|Any CPU
		{35E7F703-E0C7-4F93-97E0-CB1EE65BED83}.Release|Any CPU.ActiveCfg = Release|Any CPU
		{35E7F703-E0C7-4F93-97E0-CB1EE65BED83}.Release|Any CPU.Build.0 = Release|Any CPU
		{35E7F703-E0C7-4F93-97E0-CB1EE65BED83}.Release|x86.ActiveCfg = Release|Any CPU
		{35E7F703-E0C7-4F93-97E0-CB1EE65BED83}.Release|x86.Build.0 = Release|Any CPU
		{8BE3DA5E-0D72-4425-80B2-BA6B9CCF838F}.Debug|Any CPU.ActiveCfg = Debug|Any CPU
		{8BE3DA5E-0D72-4425-80B2-BA6B9CCF838F}.Debug|Any CPU.Build.0 = Debug|Any CPU
		{8BE3DA5E-0D72-4425-80B2-BA6B9CCF838F}.Debug|x86.ActiveCfg = Debug|Any CPU
		{8BE3DA5E-0D72-4425-80B2-BA6B9CCF838F}.Debug|x86.Build.0 = Debug|Any CPU
		{8BE3DA5E-0D72-4425-80B2-BA6B9CCF838F}.Release|Any CPU.ActiveCfg = Release|Any CPU
		{8BE3DA5E-0D72-4425-80B2-BA6B9CCF838F}.Release|Any CPU.Build.0 = Release|Any CPU
		{8BE3DA5E-0D72-4425-80B2-BA6B9CCF838F}.Release|x86.ActiveCfg = Release|Any CPU
		{8BE3DA5E-0D72-4425-80B2-BA6B9CCF838F}.Release|x86.Build.0 = Release|Any CPU
		{91FC9E32-47D9-40CB-B955-B560E41AC717}.Debug|Any CPU.ActiveCfg = Debug|Win32
		{91FC9E32-47D9-40CB-B955-B560E41AC717}.Debug|x86.ActiveCfg = Debug|Win32
		{91FC9E32-47D9-40CB-B955-B560E41AC717}.Debug|x86.Build.0 = Debug|Win32
		{91FC9E32-47D9-40CB-B955-B560E41AC717}.Release|Any CPU.ActiveCfg = Release|Win32
		{91FC9E32-47D9-40CB-B955-B560E41AC717}.Release|x86.ActiveCfg = Release|Win32
		{91FC9E32-47D9-40CB-B955-B560E41AC717}.Release|x86.Build.0 = Release|Win32
		{2E0500EF-BF93-48DA-94C7-59CA93DEB3B2}.Debug|Any CPU.ActiveCfg = Debug|Win32
		{2E0500EF-BF93-48DA-94C7-59CA93DEB3B2}.Debug|x86.ActiveCfg = Debug|Win32
		{2E0500EF-BF93-48DA-94C7-59CA93DEB3B2}.Debug|x86.Build.0 = Debug|Win32
		{2E0500EF-BF93-48DA-94C7-59CA93DEB3B2}.Release|Any CPU.ActiveCfg = Release|Win32
		{2E0500EF-BF93-48DA-94C7-59CA93DEB3B2}.Release|x86.ActiveCfg = Release|Win32
		{2E0500EF-BF93-48DA-94C7-59CA93DEB3B2}.Release|x86.Build.0 = Release|Win32
		{5DA7A270-774C-4755-9638-12C33F5E641D}.Debug|Any CPU.ActiveCfg = Debug|Any CPU
		{5DA7A270-774C-4755-9638-12C33F5E641D}.Debug|Any CPU.Build.0 = Debug|Any CPU
		{5DA7A270-774C-4755-9638-12C33F5E641D}.Debug|x86.ActiveCfg = Debug|Any CPU
		{5DA7A270-774C-4755-9638-12C33F5E641D}.Debug|x86.Build.0 = Debug|Any CPU
		{5DA7A270-774C-4755-9638-12C33F5E641D}.Release|Any CPU.ActiveCfg = Release|Any CPU
		{5DA7A270-774C-4755-9638-12C33F5E641D}.Release|Any CPU.Build.0 = Release|Any CPU
		{5DA7A270-774C-4755-9638-12C33F5E641D}.Release|x86.ActiveCfg = Release|Any CPU
		{5DA7A270-774C-4755-9638-12C33F5E641D}.Release|x86.Build.0 = Release|Any CPU
		{4CCA0A31-6FC0-4E9F-B9E6-E2B29C1581C3}.Debug|Any CPU.ActiveCfg = Debug|Any CPU
		{4CCA0A31-6FC0-4E9F-B9E6-E2B29C1581C3}.Debug|Any CPU.Build.0 = Debug|Any CPU
		{4CCA0A31-6FC0-4E9F-B9E6-E2B29C1581C3}.Debug|x86.ActiveCfg = Debug|Any CPU
		{4CCA0A31-6FC0-4E9F-B9E6-E2B29C1581C3}.Debug|x86.Build.0 = Debug|Any CPU
		{4CCA0A31-6FC0-4E9F-B9E6-E2B29C1581C3}.Release|Any CPU.ActiveCfg = Release|Any CPU
		{4CCA0A31-6FC0-4E9F-B9E6-E2B29C1581C3}.Release|Any CPU.Build.0 = Release|Any CPU
		{4CCA0A31-6FC0-4E9F-B9E6-E2B29C1581C3}.Release|x86.ActiveCfg = Release|Any CPU
		{4CCA0A31-6FC0-4E9F-B9E6-E2B29C1581C3}.Release|x86.Build.0 = Release|Any CPU
		{52AD9AF7-D78C-4EDC-B5B9-E1FF88863B21}.Debug|Any CPU.ActiveCfg = Debug|Any CPU
		{52AD9AF7-D78C-4EDC-B5B9-E1FF88863B21}.Debug|Any CPU.Build.0 = Debug|Any CPU
		{52AD9AF7-D78C-4EDC-B5B9-E1FF88863B21}.Debug|x86.ActiveCfg = Debug|Any CPU
		{52AD9AF7-D78C-4EDC-B5B9-E1FF88863B21}.Debug|x86.Build.0 = Debug|Any CPU
		{52AD9AF7-D78C-4EDC-B5B9-E1FF88863B21}.Release|Any CPU.ActiveCfg = Release|Any CPU
		{52AD9AF7-D78C-4EDC-B5B9-E1FF88863B21}.Release|Any CPU.Build.0 = Release|Any CPU
		{52AD9AF7-D78C-4EDC-B5B9-E1FF88863B21}.Release|x86.ActiveCfg = Release|Any CPU
		{52AD9AF7-D78C-4EDC-B5B9-E1FF88863B21}.Release|x86.Build.0 = Release|Any CPU
		{BFFA83F1-C165-4927-BA9B-0C530FFE14F4}.Debug|Any CPU.ActiveCfg = Debug|Any CPU
		{BFFA83F1-C165-4927-BA9B-0C530FFE14F4}.Debug|Any CPU.Build.0 = Debug|Any CPU
		{BFFA83F1-C165-4927-BA9B-0C530FFE14F4}.Debug|x86.ActiveCfg = Debug|Any CPU
		{BFFA83F1-C165-4927-BA9B-0C530FFE14F4}.Debug|x86.Build.0 = Debug|Any CPU
		{BFFA83F1-C165-4927-BA9B-0C530FFE14F4}.Release|Any CPU.ActiveCfg = Release|Any CPU
		{BFFA83F1-C165-4927-BA9B-0C530FFE14F4}.Release|Any CPU.Build.0 = Release|Any CPU
		{BFFA83F1-C165-4927-BA9B-0C530FFE14F4}.Release|x86.ActiveCfg = Release|Any CPU
		{BFFA83F1-C165-4927-BA9B-0C530FFE14F4}.Release|x86.Build.0 = Release|Any CPU
		{55CDB02D-177C-403E-9174-72364A7CCC00}.Debug|Any CPU.ActiveCfg = Debug|Any CPU
		{55CDB02D-177C-403E-9174-72364A7CCC00}.Debug|Any CPU.Build.0 = Debug|Any CPU
		{55CDB02D-177C-403E-9174-72364A7CCC00}.Debug|x86.ActiveCfg = Debug|Any CPU
		{55CDB02D-177C-403E-9174-72364A7CCC00}.Debug|x86.Build.0 = Debug|Any CPU
		{55CDB02D-177C-403E-9174-72364A7CCC00}.Release|Any CPU.ActiveCfg = Release|Any CPU
		{55CDB02D-177C-403E-9174-72364A7CCC00}.Release|Any CPU.Build.0 = Release|Any CPU
		{55CDB02D-177C-403E-9174-72364A7CCC00}.Release|x86.ActiveCfg = Release|Any CPU
		{55CDB02D-177C-403E-9174-72364A7CCC00}.Release|x86.Build.0 = Release|Any CPU
		{D92E2519-AD76-4EEA-A084-A1C8B7534754}.Debug|Any CPU.ActiveCfg = Debug|Any CPU
		{D92E2519-AD76-4EEA-A084-A1C8B7534754}.Debug|Any CPU.Build.0 = Debug|Any CPU
		{D92E2519-AD76-4EEA-A084-A1C8B7534754}.Debug|x86.ActiveCfg = Debug|Any CPU
		{D92E2519-AD76-4EEA-A084-A1C8B7534754}.Debug|x86.Build.0 = Debug|Any CPU
		{D92E2519-AD76-4EEA-A084-A1C8B7534754}.Release|Any CPU.ActiveCfg = Release|Any CPU
		{D92E2519-AD76-4EEA-A084-A1C8B7534754}.Release|Any CPU.Build.0 = Release|Any CPU
		{D92E2519-AD76-4EEA-A084-A1C8B7534754}.Release|x86.ActiveCfg = Release|Any CPU
		{D92E2519-AD76-4EEA-A084-A1C8B7534754}.Release|x86.Build.0 = Release|Any CPU
		{E333B8C1-D694-4CA0-B4A5-DE959B0B959D}.Debug|Any CPU.ActiveCfg = Debug|Any CPU
		{E333B8C1-D694-4CA0-B4A5-DE959B0B959D}.Debug|x86.ActiveCfg = Debug|Any CPU
		{E333B8C1-D694-4CA0-B4A5-DE959B0B959D}.Release|Any CPU.ActiveCfg = Release|Any CPU
		{E333B8C1-D694-4CA0-B4A5-DE959B0B959D}.Release|x86.ActiveCfg = Release|Any CPU
		{A94DF807-B568-4EF9-B2C7-91641CA58BF7}.Debug|Any CPU.ActiveCfg = Debug|Any CPU
		{A94DF807-B568-4EF9-B2C7-91641CA58BF7}.Debug|Any CPU.Build.0 = Debug|Any CPU
		{A94DF807-B568-4EF9-B2C7-91641CA58BF7}.Debug|x86.ActiveCfg = Debug|Any CPU
		{A94DF807-B568-4EF9-B2C7-91641CA58BF7}.Debug|x86.Build.0 = Debug|Any CPU
		{A94DF807-B568-4EF9-B2C7-91641CA58BF7}.Release|Any CPU.ActiveCfg = Release|Any CPU
		{A94DF807-B568-4EF9-B2C7-91641CA58BF7}.Release|Any CPU.Build.0 = Release|Any CPU
		{A94DF807-B568-4EF9-B2C7-91641CA58BF7}.Release|x86.ActiveCfg = Release|Any CPU
		{A94DF807-B568-4EF9-B2C7-91641CA58BF7}.Release|x86.Build.0 = Release|Any CPU
		{4E8121C0-20C6-4828-BB7C-7422247A4199}.Debug|Any CPU.ActiveCfg = Debug|Any CPU
		{4E8121C0-20C6-4828-BB7C-7422247A4199}.Debug|Any CPU.Build.0 = Debug|Any CPU
		{4E8121C0-20C6-4828-BB7C-7422247A4199}.Debug|x86.ActiveCfg = Debug|Any CPU
		{4E8121C0-20C6-4828-BB7C-7422247A4199}.Debug|x86.Build.0 = Debug|Any CPU
		{4E8121C0-20C6-4828-BB7C-7422247A4199}.Release|Any CPU.ActiveCfg = Release|Any CPU
		{4E8121C0-20C6-4828-BB7C-7422247A4199}.Release|Any CPU.Build.0 = Release|Any CPU
		{4E8121C0-20C6-4828-BB7C-7422247A4199}.Release|x86.ActiveCfg = Release|Any CPU
		{4E8121C0-20C6-4828-BB7C-7422247A4199}.Release|x86.Build.0 = Release|Any CPU
	EndGlobalSection
	GlobalSection(SolutionProperties) = preSolution
		HideSolutionNode = FALSE
	EndGlobalSection
	GlobalSection(ExtensibilityGlobals) = postSolution
		SolutionGuid = {4765A0FD-6F2B-4721-8006-A8359251EFA7}
	EndGlobalSection
EndGlobal
